
Microsoft Visual Studio Solution File, Format Version 12.00
Project("{FAE04EC0-301F-11D3-BF4B-00C04F79EFBC}") = "Handler", "Handler\Handler.csproj", "{6C50B1A3-A0D0-4063-A334-DB430370445F}"
EndProject
Global
	GlobalSection(SolutionConfigurationPlatforms) = preSolution
		Debug|Any CPU = Debug|Any CPU
		Release|Any CPU = Release|Any CPU
	EndGlobalSection
	GlobalSection(ProjectConfigurationPlatforms) = postSolution
		{6C50B1A3-A0D0-4063-A334-DB430370445F}.Debug|Any CPU.ActiveCfg = Debug|Any CPU
		{6C50B1A3-A0D0-4063-A334-DB430370445F}.Debug|Any CPU.Build.0 = Debug|Any CPU
		{6C50B1A3-A0D0-4063-A334-DB430370445F}.Release|Any CPU.ActiveCfg = Release|Any CPU
		{6C50B1A3-A0D0-4063-A334-DB430370445F}.Release|Any CPU.Build.0 = Release|Any CPU
	EndGlobalSection
EndGlobal
